PODS:
  - AFNetworking (3.2.1):
    - AFNetworking/NSURLSession (= 3.2.1)
    - AFNetworking/Reachability (= 3.2.1)
    - AFNetworking/Security (= 3.2.1)
    - AFNetworking/Serialization (= 3.2.1)
    - AFNetworking/UIKit (= 3.2.1)
  - AFNetworking/NSURLSession (3.2.1):
    - AFNetworking/Reachability
    - AFNetworking/Security
    - AFNetworking/Serialization
  - AFNetworking/Reachability (3.2.1)
  - AFNetworking/Security (3.2.1)
  - AFNetworking/Serialization (3.2.1)
  - AFNetworking/UIKit (3.2.1):
    - AFNetworking/NSURLSession
  - BlocksKit (2.2.5):
    - BlocksKit/All (= 2.2.5)
  - BlocksKit/All (2.2.5):
    - BlocksKit/Core
    - BlocksKit/DynamicDelegate
    - BlocksKit/MessageUI
    - BlocksKit/UIKit
  - BlocksKit/Core (2.2.5)
  - BlocksKit/DynamicDelegate (2.2.5)
  - BlocksKit/MessageUI (2.2.5):
    - BlocksKit/Core
    - BlocksKit/DynamicDelegate
  - BlocksKit/UIKit (2.2.5):
    - BlocksKit/Core
    - BlocksKit/DynamicDelegate
  - Bugly (2.5.0)
  - HappyDNS (0.3.14)
  - HyphenateLite (3.4.1)
  - IQKeyboardManager (6.0.3)
  - JCore (1.2.0)
  - JPush (3.0.9):
    - JCore (~> 1.2.0)
  - LXMButtonImagePosition (1.1.1)
  - LYEmptyView (1.1.0)
  - Masonry (1.1.0)
  - MBProgressHUD (1.1.0)
  - MJRefresh (3.1.15.3)
  - MOBFoundation (3.1.6)
  - PLPlayerKit (3.3.1):
    - PLPlayerKit/iphoneos (= 3.3.1)
  - PLPlayerKit/iphoneos (3.3.1)
  - PLRTCStreamingKit (3.1.0):
    - PLRTCStreamingKit/iphoneos (= 3.1.0)
  - PLRTCStreamingKit/iphoneos (3.1.0)
  - PLShortVideoKit/ex-libMuseProcessor (1.10.0):
    - Qiniu (~> 7.1)
  - Qiniu (7.2.4):
    - HappyDNS (~> 0.3)
  - SDWebImage (4.4.0):
    - SDWebImage/Core (= 4.4.0)
  - SDWebImage/Core (4.4.0)
  - ShareSDK3/ShareSDKPlatforms/Facebook (4.0.4):
    - MOBFoundation
  - ShareSDK3/ShareSDKPlatforms/QQ (4.0.4):
    - MOBFoundation
  - ShareSDK3/ShareSDKPlatforms/SinaWeibo (4.0.4):
    - MOBFoundation
  - ShareSDK3/ShareSDKPlatforms/Twitter (4.0.4):
    - MOBFoundation
  - TYCyclePagerView (1.1.0)
  - "UITextView+Placeholder (1.2.1)"
  - WebViewJavascriptBridge (6.0.3)
  - WeiXinPay (1.6.2)
  - YYKit (1.0.9):
    - YYKit/no-arc (= 1.0.9)
  - YYKit/no-arc (1.0.9)
  - ZWAppStore (0.0.5):
    - ZWAppStore/ZWActionReview (= 0.0.5)
    - ZWAppStore/ZWCheckVersion (= 0.0.5)
  - ZWAppStore/ZWActionReview (0.0.5):
    - ZWAppStore/ZWCheckVersion
  - ZWAppStore/ZWCheckVersion (0.0.5)
  - ZYCornerRadius (1.0.2)

DEPENDENCIES:
  - AFNetworking
  - BlocksKit
  - Bugly
  - HyphenateLite
  - IQKeyboardManager
  - JPush
  - LXMButtonImagePosition
  - LYEmptyView
  - Masonry
  - MBProgressHUD
  - MJRefresh
  - PLPlayerKit
  - PLRTCStreamingKit
  - PLShortVideoKit/ex-libMuseProcessor
  - SDWebImage
  - ShareSDK3/ShareSDKPlatforms/Facebook
  - ShareSDK3/ShareSDKPlatforms/QQ
  - ShareSDK3/ShareSDKPlatforms/SinaWeibo
  - ShareSDK3/ShareSDKPlatforms/Twitter
  - TYCyclePagerView
  - "UITextView+Placeholder"
  - WebViewJavascriptBridge
  - WeiXinPay
  - YYKit
  - ZWAppStore
  - ZYCornerRadius

SPEC REPOS:
  https://github.com/cocoapods/specs.git:
    - AFNetworking
    - BlocksKit
    - Bugly
    - HappyDNS
    - HyphenateLite
    - IQKeyboardManager
    - JCore
    - JPush
    - LXMButtonImagePosition
    - LYEmptyView
    - Masonry
    - MBProgressHUD
    - MJRefresh
    - MOBFoundation
    - PLPlayerKit
    - PLRTCStreamingKit
    - PLShortVideoKit
    - Qiniu
    - SDWebImage
    - ShareSDK3
    - TYCyclePagerView
    - "UITextView+Placeholder"
    - WebViewJavascriptBridge
    - WeiXinPay
    - YYKit
    - ZWAppStore
    - ZYCornerRadius

SPEC CHECKSUMS:
  AFNetworking: b6f891fdfaed196b46c7a83cf209e09697b94057
  BlocksKit: 7f422b971407001178d181a43b99014ea2591fe6
  Bugly: 3ca9f255c01025582df26f9222893b383c7e4b4e
  HappyDNS: dc6a164ee81979093123c241c6353bcf0218add6
  HyphenateLite: 78ade2be82aa9c00f923dc370f16f63e6fcdf42d
  IQKeyboardManager: c390e612f4b98c8fd748016470138537dc163ead
  JCore: b52e3dd73625eec70afd1244bb9c41038aa06087
  JPush: 48041e8c5ad2ef9b48709eb0888af9640b36e9b0
  LXMButtonImagePosition: bbbe4fceb2f6011cf02add36750acbeddd161c3e
  LYEmptyView: 893007305370c9c69d7dc71b4b32f9b2ee80a622
  Masonry: 678fab65091a9290e40e2832a55e7ab731aad201
  MBProgressHUD: e7baa36a220447d8aeb12769bf0585582f3866d9
  MJRefresh: b48380ae2b927b46c4ef000de9adb8dc748e1df7
  MOBFoundation: a87c5f11fb87f873337189c3ec0add4d3ec6221a
  PLPlayerKit: 63a9c6a7661f497591c84121e854e8e6ac003256
  PLRTCStreamingKit: d7b9caf243782e0be6cb01f9cf8956229e32dbb1
  PLShortVideoKit: 86099728bc288502de62b37865d479a85a849e15
  Qiniu: 65384bca1cdb0480a68d9b9b8f54db53418c0355
  SDWebImage: b534502786e43dde36dfcaee89356fe6df30e203
  ShareSDK3: 75b57bab0cbe3119e281c7668eaad9d48adf3fde
  TYCyclePagerView: b70858c9b5d0e80e1e3129ff5ceb027eb0f76d44
  "UITextView+Placeholder": 0c3efd97f37ea64bde7f34cc6e90fe02e87b3909
  WebViewJavascriptBridge: 7f5bc4d3581e672e8f32bd0f812d54bc69bb8e29
  WeiXinPay: e10b3e05845eac0e279c9fc6311a8fcfdb00d883
  YYKit: 7cda43304a8dc3696c449041e2cb3107b4e236e7
  ZWAppStore: 396b081870b308193315be011555d063b08278b4
  ZYCornerRadius: f0af817be7805b5c63d793042ca7a03f81e14069

PODFILE CHECKSUM: 1801ab82a5dcc803c8616eb345874992930e679d

COCOAPODS: 1.5.2
